{
  "name": "my-app",
  "version": "0.1.0",
  "lockfileVersion": 1,
  "requires": true,
  "dependencies": {
    "react-app-rewire-unplug": {
      "version": "0.9.0",
      "resolved": "https://registry.npmjs.org/react-app-rewire-unplug/-/react-app-rewire-unplug-0.9.0.tgz",
      "integrity": "sha512-ROgMZLGRxuzUNAl+/Zw+9c79nY0qHfyW3V/NXM3/hNz81Q5poHiw4aZqY2FYteWxXW+XNf/xHUvPE0EzSNibEg=="
    }
  }
}
